
Microsoft Visual Studio Solution File, Format Version 12.00
# Visual Studio Version 17
VisualStudioVersion = 17.3.32825.248
MinimumVisualStudioVersion = 10.0.40219.1
Project("{FAE04EC0-301F-11D3-BF4B-00C04F79EFBC}") = "24-2Taller3D_Semana01", "24-2Taller3D_Semana01.csproj", "{C33ABF54-E0F7-443E-872B-8B301DAF50FD}"
EndProject
Global
	GlobalSection(SolutionConfigurationPlatforms) = preSolution
		Debug|Any CPU = Debug|Any CPU
		Release|Any CPU = Release|Any CPU
	EndGlobalSection
	GlobalSection(ProjectConfigurationPlatforms) = postSolution
		{C33ABF54-E0F7-443E-872B-8B301DAF50FD}.Debug|Any CPU.ActiveCfg = Debug|Any CPU
		{C33ABF54-E0F7-443E-872B-8B301DAF50FD}.Debug|Any CPU.Build.0 = Debug|Any CPU
		{C33ABF54-E0F7-443E-872B-8B301DAF50FD}.Release|Any CPU.ActiveCfg = Release|Any CPU
		{C33ABF54-E0F7-443E-872B-8B301DAF50FD}.Release|Any CPU.Build.0 = Release|Any CPU
	EndGlobalSection
	GlobalSection(SolutionProperties) = preSolution
		HideSolutionNode = FALSE
	EndGlobalSection
	GlobalSection(ExtensibilityGlobals) = postSolution
		SolutionGuid = {D9691336-6E11-49E1-B7AD-4BF448F2B5F7}
	EndGlobalSection
EndGlobal
